
Microsoft Visual Studio Solution File, Format Version 12.00
# Visual Studio 15
VisualStudioVersion = 15.0.28307.1433
MinimumVisualStudioVersion = 10.0.40219.1
Project("{FAE04EC0-301F-11D3-BF4B-00C04F79EFBC}") = "AESDecryptionTest", "AESDecryptionTest\AESDecryptionTest.csproj", "{8C75F966-1A4E-4862-A0AC-6F9E874098A5}"
EndProject
Global
	GlobalSection(SolutionConfigurationPlatforms) = preSolution
		Debug|Any CPU = Debug|Any CPU
		Release|Any CPU = Release|Any CPU
	EndGlobalSection
	GlobalSection(ProjectConfigurationPlatforms) = postSolution
		{8C75F966-1A4E-4862-A0AC-6F9E874098A5}.Debug|Any CPU.ActiveCfg = Debug|Any CPU
		{8C75F966-1A4E-4862-A0AC-6F9E874098A5}.Debug|Any CPU.Build.0 = Debug|Any CPU
		{8C75F966-1A4E-4862-A0AC-6F9E874098A5}.Release|Any CPU.ActiveCfg = Release|Any CPU
		{8C75F966-1A4E-4862-A0AC-6F9E874098A5}.Release|Any CPU.Build.0 = Release|Any CPU
	EndGlobalSection
	GlobalSection(SolutionProperties) = preSolution
		HideSolutionNode = FALSE
	EndGlobalSection
	GlobalSection(ExtensibilityGlobals) = postSolution
		SolutionGuid = {95DE1311-3DAC-4390-9550-C42073928C2A}
	EndGlobalSection
EndGlobal
